// !$*UTF8*$!
{
	archiveVersion = 1;
	classes = {
	};
	objectVersion = 50;
	objects = {

/* Begin PBXBuildFile section */
		5B61D106247B181800D13797 /* AppDelegate.swift in Sources */ = {isa = PBXBuildFile; fileRef = 5B61D105247B181800D13797 /* AppDelegate.swift */; };
		5B61D108247B181800D13797 /* SceneDelegate.swift in Sources */ = {isa = PBXBuildFile; fileRef = 5B61D107247B181800D13797 /* SceneDelegate.swift */; };
		5B61D10A247B181800D13797 /* UsersVC.swift in Sources */ = {isa = PBXBuildFile; fileRef = 5B61D109247B181800D13797 /* UsersVC.swift */; };
		5B61D10D247B181800D13797 /* Main.storyboard in Resources */ = {isa = PBXBuildFile; fileRef = 5B61D10B247B181800D13797 /* Main.storyboard */; };
		5B61D10F247B181E00D13797 /* Assets.xcassets in Resources */ = {isa = PBXBuildFile; fileRef = 5B61D10E247B181E00D13797 /* Assets.xcassets */; };
		5B61D112247B181E00D13797 /* LaunchScreen.storyboard in Resources */ = {isa = PBXBuildFile; fileRef = 5B61D110247B181E00D13797 /* LaunchScreen.storyboard */; };
		5B61D11A247B34CF00D13797 /* User.swift in Sources */ = {isa = PBXBuildFile; fileRef = 5B61D119247B34CF00D13797 /* User.swift */; };
		5B6942902481D292003BDFD5 /* NetworkManager.swift in Sources */ = {isa = PBXBuildFile; fileRef = 5B69428F2481D292003BDFD5 /* NetworkManager.swift */; };
		5B69429324820A79003BDFD5 /* JPAError.swift in Sources */ = {isa = PBXBuildFile; fileRef = 5B69429224820A78003BDFD5 /* JPAError.swift */; };
/* End PBXBuildFile section */

/* Begin PBXFileReference section */
		5B61D102247B181800D13797 /* JSONPlaceholderAPI.app */ = {isa = PBXFileReference; explicitFileType = wrapper.application; includeInIndex = 0; path = JSONPlaceholderAPI.app; sourceTree = BUILT_PRODUCTS_DIR; };
		5B61D105247B181800D13797 /* AppDelegate.swift */ = {isa = PBXFileReference; lastKnownFileType = sourcecode.swift; path = AppDelegate.swift; sourceTree = "<group>"; };
		5B61D107247B181800D13797 /* SceneDelegate.swift */ = {isa = PBXFileReference; lastKnownFileType = sourcecode.swift; path = SceneDelegate.swift; sourceTree = "<group>"; };
		5B61D109247B181800D13797 /* UsersVC.swift */ = {isa = PBXFileReference; lastKnownFileType = sourcecode.swift; path = UsersVC.swift; sourceTree = "<group>"; };
		5B61D10C247B181800D13797 /* Base */ = {isa = PBXFileReference; lastKnownFileType = file.storyboard; name = Base; path = Base.lproj/Main.storyboard; sourceTree = "<group>"; };
		5B61D10E247B181E00D13797 /* Assets.xcassets */ = {isa = PBXFileReference; lastKnownFileType = folder.assetcatalog; path = Assets.xcassets; sourceTree = "<group>"; };
		5B61D111247B181E00D13797 /* Base */ = {isa = PBXFileReference; lastKnownFileType = file.storyboard; name = Base; path = Base.lproj/LaunchScreen.storyboard; sourceTree = "<group>"; };
		5B61D113247B181E00D13797 /* Info.plist */ = {isa = PBXFileReference; lastKnownFileType = text.plist.xml; path = Info.plist; sourceTree = "<group>"; };
		5B61D119247B34CF00D13797 /* User.swift */ = {isa = PBXFileReference; lastKnownFileType = sourcecode.swift; path = User.swift; sourceTree = "<group>"; };
		5B69428F2481D292003BDFD5 /* NetworkManager.swift */ = {isa = PBXFileReference; lastKnownFileType = sourcecode.swift; path = NetworkManager.swift; sourceTree = "<group>"; };
		5B69429224820A78003BDFD5 /* JPAError.swift */ = {isa = PBXFileReference; lastKnownFileType = sourcecode.swift; path = JPAError.swift; sourceTree = "<group>"; };
/* End PBXFileReference section */

/* Begin PBXFrameworksBuildPhase section */
		5B61D0FF247B181800D13797 /* Frameworks */ = {
			isa = PBXFrameworksBuildPhase;
			buildActionMask = 2147483647;
			files = (
			);
			runOnlyForDeploymentPostprocessing = 0;
		};
/* End PBXFrameworksBuildPhase section */

/* Begin PBXGroup section */
		5B61D0F9247B181800D13797 = {
			isa = PBXGroup;
			children = (
				5B61D104247B181800D13797 /* JSONPlaceholderAPI */,
				5B61D103247B181800D13797 /* Products */,
			);
			sourceTree = "<group>";
		};
		5B61D103247B181800D13797 /* Products */ = {
			isa = PBXGroup;
			children = (
				5B61D102247B181800D13797 /* JSONPlaceholderAPI.app */,
			);
			name = Products;
			sourceTree = "<group>";
		};
		5B61D104247B181800D13797 /* JSONPlaceholderAPI */ = {
			isa = PBXGroup;
			children = (
				5B69429424820AE3003BDFD5 /* Utilities */,
				5B6942912481D2A3003BDFD5 /* Managers */,
				5B61D109247B181800D13797 /* UsersVC.swift */,
				5B61D119247B34CF00D13797 /* User.swift */,
				5B61D10B247B181800D13797 /* Main.storyboard */,
				5B61D11B247B38EF00D13797 /* Support */,
			);
			path = JSONPlaceholderAPI;
			sourceTree = "<group>";
		};
		5B61D11B247B38EF00D13797 /* Support */ = {
			isa = PBXGroup;
			children = (
				5B61D105247B181800D13797 /* AppDelegate.swift */,
				5B61D107247B181800D13797 /* SceneDelegate.swift */,
				5B61D10E247B181E00D13797 /* Assets.xcassets */,
				5B61D110247B181E00D13797 /* LaunchScreen.storyboard */,
				5B61D113247B181E00D13797 /* Info.plist */,
			);
			path = Support;
			sourceTree = "<group>";
		};
		5B6942912481D2A3003BDFD5 /* Managers */ = {
			isa = PBXGroup;
			children = (
				5B69428F2481D292003BDFD5 /* NetworkManager.swift */,
			);
			path = Managers;
			sourceTree = "<group>";
		};
		5B69429424820AE3003BDFD5 /* Utilities */ = {
			isa = PBXGroup;
			children = (
				5B69429224820A78003BDFD5 /* JPAError.swift */,
			);
			path = Utilities;
			sourceTree = "<group>";
		};
/* End PBXGroup section */

/* Begin PBXNativeTarget section */
		5B61D101247B181800D13797 /* JSONPlaceholderAPI */ = {
			isa = PBXNativeTarget;
			buildConfigurationList = 5B61D116247B181E00D13797 /* Build configuration list for PBXNativeTarget "JSONPlaceholderAPI" */;
			buildPhases = (
				5B61D0FE247B181800D13797 /* Sources */,
				5B61D0FF247B181800D13797 /* Frameworks */,
				5B61D100247B181800D13797 /* Resources */,
			);
			buildRules = (
			);
			dependencies = (
			);
			name = JSONPlaceholderAPI;
			productName = JSONPlaceholderAPI;
			productReference = 5B61D102247B181800D13797 /* JSONPlaceholderAPI.app */;
			productType = "com.apple.product-type.application";
		};
/* End PBXNativeTarget section */

/* Begin PBXProject section */
		5B61D0FA247B181800D13797 /* Project object */ = {
			isa = PBXProject;
			attributes = {
				LastSwiftUpdateCheck = 1150;
				LastUpgradeCheck = 1150;
				ORGANIZATIONNAME = "Aleksey Kabishau";
				TargetAttributes = {
					5B61D101247B181800D13797 = {
						CreatedOnToolsVersion = 11.5;
					};
				};
			};
			buildConfigurationList = 5B61D0FD247B181800D13797 /* Build configuration list for PBXProject "JSONPlaceholderAPI" */;
			compatibilityVersion = "Xcode 9.3";
			developmentRegion = en;
			hasScannedForEncodings = 0;
			knownRegions = (
				en,
				Base,
			);
			mainGroup = 5B61D0F9247B181800D13797;
			productRefGroup = 5B61D103247B181800D13797 /* Products */;
			projectDirPath = "";
			projectRoot = "";
			targets = (
				5B61D101247B181800D13797 /* JSONPlaceholderAPI */,
			);
		};
/* End PBXProject section */

/* Begin PBXResourcesBuildPhase section */
		5B61D100247B181800D13797 /* Resources */ = {
			isa = PBXResourcesBuildPhase;
			buildActionMask = 2147483647;
			files = (
				5B61D112247B181E00D13797 /* LaunchScreen.storyboard in Resources */,
				5B61D10F247B181E00D13797 /* Assets.xcassets in Resources */,
				5B61D10D247B181800D13797 /* Main.storyboard in Resources */,
			);
			runOnlyForDeploymentPostprocessing = 0;
		};
/* End PBXResourcesBuildPhase section */

/* Begin PBXSourcesBuildPhase section */
		5B61D0FE247B181800D13797 /* Sources */ = {
			isa = PBXSourcesBuildPhase;
			buildActionMask = 2147483647;
			files = (
				5B61D11A247B34CF00D13797 /* User.swift in Sources */,
				5B61D10A247B181800D13797 /* UsersVC.swift in Sources */,
				5B6942902481D292003BDFD5 /* NetworkManager.swift in Sources */,
				5B61D106247B181800D13797 /* AppDelegate.swift in Sources */,
				5B69429324820A79003BDFD5 /* JPAError.swift in Sources */,
				5B61D108247B181800D13797 /* SceneDelegate.swift in Sources */,
			);
			runOnlyForDeploymentPostprocessing = 0;
		};
/* End PBXSourcesBuildPhase section */

/* Begin PBXVariantGroup section */
		5B61D10B247B181800D13797 /* Main.storyboard */ = {
			isa = PBXVariantGroup;
			children = (
				5B61D10C247B181800D13797 /* Base */,
			);
			name = Main.storyboard;
			sourceTree = "<group>";
		};
		5B61D110247B181E00D13797 /* LaunchScreen.storyboard */ = {
			isa = PBXVariantGroup;
			children = (
				5B61D111247B181E00D13797 /* Base */,
			);
			name = LaunchScreen.storyboard;
			sourceTree = "<group>";
		};
/* End PBXVariantGroup section */

/* Begin XCBuildConfiguration section */
		5B61D114247B181E00D13797 /* Debug */ = {
			isa = XCBuildConfiguration;
			buildSettings = {
				ALWAYS_SEARCH_USER_PATHS = NO;
				CLANG_ANALYZER_NONNULL = YES;
				CLANG_ANALYZER_NUMBER_OBJECT_CONVERSION = YES_AGGRESSIVE;
				CLANG_CXX_LANGUAGE_STANDARD = "gnu++14";
				CLANG_CXX_LIBRARY = "libc++";
				CLANG_ENABLE_MODULES = YES;
				CLANG_ENABLE_OBJC_ARC = YES;
				CLANG_ENABLE_OBJC_WEAK = YES;
				CLANG_WARN_BLOCK_CAPTURE_AUTORELEASING = YES;
				CLANG_WARN_BOOL_CONVERSION = YES;
				CLANG_WARN_COMMA = YES;
				CLANG_WARN_CONSTANT_CONVERSION = YES;
				CLANG_WARN_DEPRECATED_OBJC_IMPLEMENTATIONS = YES;
				CLANG_WARN_DIRECT_OBJC_ISA_USAGE = YES_ERROR;
				CLANG_WARN_DOCUMENTATION_COMMENTS = YES;
				CLANG_WARN_EMPTY_BODY = YES;
				CLANG_WARN_ENUM_CONVERSION = YES;
				CLANG_WARN_INFINITE_RECURSION = YES;
				CLANG_WARN_INT_CONVERSION = YES;
				CLANG_WARN_NON_LITERAL_NULL_CONVERSION = YES;
				CLANG_WARN_OBJC_IMPLICIT_RETAIN_SELF = YES;
				CLANG_WARN_OBJC_LITERAL_CONVERSION = YES;
				CLANG_WARN_OBJC_ROOT_CLASS = YES_ERROR;
				CLANG_WARN_RANGE_LOOP_ANALYSIS = YES;
				CLANG_WARN_STRICT_PROTOTYPES = YES;
				CLANG_WARN_SUSPICIOUS_MOVE = YES;
				CLANG_WARN_UNGUARDED_AVAILABILITY = YES_AGGRESSIVE;
				CLANG_WARN_UNREACHABLE_CODE = YES;
				CLANG_WARN__DUPLICATE_METHOD_MATCH = YES;
				COPY_PHASE_STRIP = NO;
				DEBUG_INFORMATION_FORMAT = dwarf;
				ENABLE_STRICT_OBJC_MSGSEND = YES;
				ENABLE_TESTABILITY = YES;
				GCC_C_LANGUAGE_STANDARD = gnu11;
				GCC_DYNAMIC_NO_PIC = NO;
				GCC_NO_COMMON_BLOCKS = YES;
				GCC_OPTIMIZATION_LEVEL = 0;
				GCC_PREPROCESSOR_DEFINITIONS = (
					"DEBUG=1",
					"$(inherited)",
				);
				GCC_WARN_64_TO_32_BIT_CONVERSION = YES;
				GCC_WARN_ABOUT_RETURN_TYPE = YES_ERROR;
				GCC_WARN_UNDECLARED_SELECTOR = YES;
				GCC_WARN_UNINITIALIZED_AUTOS = YES_AGGRESSIVE;
				GCC_WARN_UNUSED_FUNCTION = YES;
				GCC_WARN_UNUSED_VARIABLE = YES;
				IPHONEOS_DEPLOYMENT_TARGET = 13.5;
				MTL_ENABLE_DEBUG_INFO = INCLUDE_SOURCE;
				MTL_FAST_MATH = YES;
				ONLY_ACTIVE_ARCH = YES;
				SDKROOT = iphoneos;
				SWIFT_ACTIVE_COMPILATION_CONDITIONS = DEBUG;
				SWIFT_OPTIMIZATION_LEVEL = "-Onone";
			};
			name = Debug;
		};
		5B61D115247B181E00D13797 /* Release */ = {
			isa = XCBuildConfiguration;
			buildSettings = {
				ALWAYS_SEARCH_USER_PATHS = NO;
				CLANG_ANALYZER_NONNULL = YES;
				CLANG_ANALYZER_NUMBER_OBJECT_CONVERSION = YES_AGGRESSIVE;
				CLANG_CXX_LANGUAGE_STANDARD = "gnu++14";
				CLANG_CXX_LIBRARY = "libc++";
				CLANG_ENABLE_MODULES = YES;
				CLANG_ENABLE_OBJC_ARC = YES;
				CLANG_ENABLE_OBJC_WEAK = YES;
				CLANG_WARN_BLOCK_CAPTURE_AUTORELEASING = YES;
				CLANG_WARN_BOOL_CONVERSION = YES;
				CLANG_WARN_COMMA = YES;
				CLANG_WARN_CONSTANT_CONVERSION = YES;
				CLANG_WARN_DEPRECATED_OBJC_IMPLEMENTATIONS = YES;
				CLANG_WARN_DIRECT_OBJC_ISA_USAGE = YES_ERROR;
				CLANG_WARN_DOCUMENTATION_COMMENTS = YES;
				CLANG_WARN_EMPTY_BODY = YES;
				CLANG_WARN_ENUM_CONVERSION = YES;
				CLANG_WARN_INFINITE_RECURSION = YES;
				CLANG_WARN_INT_CONVERSION = YES;
				CLANG_WARN_NON_LITERAL_NULL_CONVERSION = YES;
				CLANG_WARN_OBJC_IMPLICIT_RETAIN_SELF = YES;
				CLANG_WARN_OBJC_LITERAL_CONVERSION = YES;
				CLANG_WARN_OBJC_ROOT_CLASS = YES_ERROR;
				CLANG_WARN_RANGE_LOOP_ANALYSIS = YES;
				CLANG_WARN_STRICT_PROTOTYPES = YES;
				CLANG_WARN_SUSPICIOUS_MOVE = YES;
				CLANG_WARN_UNGUARDED_AVAILABILITY = YES_AGGRESSIVE;
				CLANG_WARN_UNREACHABLE_CODE = YES;
				CLANG_WARN__DUPLICATE_METHOD_MATCH = YES;
				COPY_PHASE_STRIP = NO;
				DEBUG_INFORMATION_FORMAT = "dwarf-with-dsym";
				ENABLE_NS_ASSERTIONS = NO;
				ENABLE_STRICT_OBJC_MSGSEND = YES;
				GCC_C_LANGUAGE_STANDARD = gnu11;
				GCC_NO_COMMON_BLOCKS = YES;
				GCC_WARN_64_TO_32_BIT_CONVERSION = YES;
				GCC_WARN_ABOUT_RETURN_TYPE = YES_ERROR;
				GCC_WARN_UNDECLARED_SELECTOR = YES;
				GCC_WARN_UNINITIALIZED_AUTOS = YES_AGGRESSIVE;
				GCC_WARN_UNUSED_FUNCTION = YES;
				GCC_WARN_UNUSED_VARIABLE = YES;
				IPHONEOS_DEPLOYMENT_TARGET = 13.5;
				MTL_ENABLE_DEBUG_INFO = NO;
				MTL_FAST_MATH = YES;
				SDKROOT = iphoneos;
				SWIFT_COMPILATION_MODE = wholemodule;
				SWIFT_OPTIMIZATION_LEVEL = "-O";
				VALIDATE_PRODUCT = YES;
			};
			name = Release;
		};
		5B61D117247B181E00D13797 /* Debug */ = {
			isa = XCBuildConfiguration;
			buildSettings = {
				ASSETCATALOG_COMPILER_APPICON_NAME = AppIcon;
				CODE_SIGN_STYLE = Automatic;
				DEVELOPMENT_TEAM = VGW2M4R8BY;
				INFOPLIST_FILE = JSONPlaceholderAPI/Support/Info.plist;
				LD_RUNPATH_SEARCH_PATHS = (
					"$(inherited)",
					"@executable_path/Frameworks",
				);
				PRODUCT_BUNDLE_IDENTIFIER = com.alekseykabishau.JSONPlaceholderAPI;
				PRODUCT_NAME = "$(TARGET_NAME)";
				SWIFT_VERSION = 5.0;
				TARGETED_DEVICE_FAMILY = 1;
			};
			name = Debug;
		};
		5B61D118247B181E00D13797 /* Release */ = {
			isa = XCBuildConfiguration;
			buildSettings = {
				ASSETCATALOG_COMPILER_APPICON_NAME = AppIcon;
				CODE_SIGN_STYLE = Automatic;
				DEVELOPMENT_TEAM = VGW2M4R8BY;
				INFOPLIST_FILE = JSONPlaceholderAPI/Support/Info.plist;
				LD_RUNPATH_SEARCH_PATHS = (
					"$(inherited)",
					"@executable_path/Frameworks",
				);
				PRODUCT_BUNDLE_IDENTIFIER = com.alekseykabishau.JSONPlaceholderAPI;
				PRODUCT_NAME = "$(TARGET_NAME)";
				SWIFT_VERSION = 5.0;
				TARGETED_DEVICE_FAMILY = 1;
			};
			name = Release;
		};
/* End XCBuildConfiguration section */

/* Begin XCConfigurationList section */
		5B61D0FD247B181800D13797 /* Build configuration list for PBXProject "JSONPlaceholderAPI" */ = {
			isa = XCConfigurationList;
			buildConfigurations = (
				5B61D114247B181E00D13797 /* Debug */,
				5B61D115247B181E00D13797 /* Release */,
			);
			defaultConfigurationIsVisible = 0;
			defaultConfigurationName = Release;
		};
		5B61D116247B181E00D13797 /* Build configuration list for PBXNativeTarget "JSONPlaceholderAPI" */ = {
			isa = XCConfigurationList;
			buildConfigurations = (
				5B61D117247B181E00D13797 /* Debug */,
				5B61D118247B181E00D13797 /* Release */,
			);
			defaultConfigurationIsVisible = 0;
			defaultConfigurationName = Release;
		};
/* End XCConfigurationList section */
	};
	rootObject = 5B61D0FA247B181800D13797 /* Project object */;
}
